
Microsoft Visual Studio Solution File, Format Version 12.00
# Visual Studio 15
VisualStudioVersion = 15.0.27703.2026
MinimumVisualStudioVersion = 10.0.40219.1
Project("{FAE04EC0-301F-11D3-BF4B-00C04F79EFBC}") = "AppImage.Android", "AppImage\AppImage.Android\AppImage.Android.csproj", "{81AA519B-F655-43C0-9151-98E1C3CAB2B9}"
EndProject
Project("{FAE04EC0-301F-11D3-BF4B-00C04F79EFBC}") = "AppImage.iOS", "AppImage\AppImage.iOS\AppImage.iOS.csproj", "{6A631067-F47D-4051-BA47-3C12349B7AC6}"
EndProject
Project("{FAE04EC0-301F-11D3-BF4B-00C04F79EFBC}") = "AppImage", "AppImage\AppImage\AppImage.csproj", "{E0680964-40AB-4CEC-BA1D-BE9A0AFCB40B}"
EndProject
Global
	GlobalSection(SolutionConfigurationPlatforms) = preSolution
		Ad-Hoc|Any CPU = Ad-Hoc|Any CPU
		Ad-Hoc|iPhone = Ad-Hoc|iPhone
		Ad-Hoc|iPhoneSimulator = Ad-Hoc|iPhoneSimulator
		AppStore|Any CPU = AppStore|Any CPU
		AppStore|iPhone = AppStore|iPhone
		AppStore|iPhoneSimulator = AppStore|iPhoneSimulator
		Debug|Any CPU = Debug|Any CPU
		Debug|iPhone = Debug|iPhone
		Debug|iPhoneSimulator = Debug|iPhoneSimulator
		Release|Any CPU = Release|Any CPU
		Release|iPhone = Release|iPhone
		Release|iPhoneSimulator = Release|iPhoneSimulator
	EndGlobalSection
	GlobalSection(ProjectConfigurationPlatforms) = postSolution
		{81AA519B-F655-43C0-9151-98E1C3CAB2B9}.Ad-Hoc|Any CPU.ActiveCfg = Release|Any CPU
		{81AA519B-F655-43C0-9151-98E1C3CAB2B9}.Ad-Hoc|Any CPU.Build.0 = Release|Any CPU
		{81AA519B-F655-43C0-9151-98E1C3CAB2B9}.Ad-Hoc|Any CPU.Deploy.0 = Release|Any CPU
		{81AA519B-F655-43C0-9151-98E1C3CAB2B9}.Ad-Hoc|iPhone.ActiveCfg = Release|Any CPU
		{81AA519B-F655-43C0-9151-98E1C3CAB2B9}.Ad-Hoc|iPhone.Build.0 = Release|Any CPU
		{81AA519B-F655-43C0-9151-98E1C3CAB2B9}.Ad-Hoc|iPhone.Deploy.0 = Release|Any CPU
		{81AA519B-F655-43C0-9151-98E1C3CAB2B9}.Ad-Hoc|iPhoneSimulator.ActiveCfg = Release|Any CPU
		{81AA519B-F655-43C0-9151-98E1C3CAB2B9}.Ad-Hoc|iPhoneSimulator.Build.0 = Release|Any CPU
		{81AA519B-F655-43C0-9151-98E1C3CAB2B9}.Ad-Hoc|iPhoneSimulator.Deploy.0 = Release|Any CPU
		{81AA519B-F655-43C0-9151-98E1C3CAB2B9}.AppStore|Any CPU.ActiveCfg = Release|Any CPU
		{81AA519B-F655-43C0-9151-98E1C3CAB2B9}.AppStore|Any CPU.Build.0 = Release|Any CPU
		{81AA519B-F655-43C0-9151-98E1C3CAB2B9}.AppStore|Any CPU.Deploy.0 = Release|Any CPU
		{81AA519B-F655-43C0-9151-98E1C3CAB2B9}.AppStore|iPhone.ActiveCfg = Release|Any CPU
		{81AA519B-F655-43C0-9151-98E1C3CAB2B9}.AppStore|iPhone.Build.0 = Release|Any CPU
		{81AA519B-F655-43C0-9151-98E1C3CAB2B9}.AppStore|iPhone.Deploy.0 = Release|Any CPU
		{81AA519B-F655-43C0-9151-98E1C3CAB2B9}.AppStore|iPhoneSimulator.ActiveCfg = Release|Any CPU
		{81AA519B-F655-43C0-9151-98E1C3CAB2B9}.AppStore|iPhoneSimulator.Build.0 = Release|Any CPU
		{81AA519B-F655-43C0-9151-98E1C3CAB2B9}.AppStore|iPhoneSimulator.Deploy.0 = Release|Any CPU
		{81AA519B-F655-43C0-9151-98E1C3CAB2B9}.Debug|Any CPU.ActiveCfg = Debug|Any CPU
		{81AA519B-F655-43C0-9151-98E1C3CAB2B9}.Debug|Any CPU.Build.0 = Debug|Any CPU
		{81AA519B-F655-43C0-9151-98E1C3CAB2B9}.Debug|Any CPU.Deploy.0 = Debug|Any CPU
		{81AA519B-F655-43C0-9151-98E1C3CAB2B9}.Debug|iPhone.ActiveCfg = Debug|Any CPU
		{81AA519B-F655-43C0-9151-98E1C3CAB2B9}.Debug|iPhone.Build.0 = Debug|Any CPU
		{81AA519B-F655-43C0-9151-98E1C3CAB2B9}.Debug|iPhone.Deploy.0 = Debug|Any CPU
		{81AA519B-F655-43C0-9151-98E1C3CAB2B9}.Debug|iPhoneSimulator.ActiveCfg = Debug|Any CPU
		{81AA519B-F655-43C0-9151-98E1C3CAB2B9}.Debug|iPhoneSimulator.Build.0 = Debug|Any CPU
		{81AA519B-F655-43C0-9151-98E1C3CAB2B9}.Debug|iPhoneSimulator.Deploy.0 = Debug|Any CPU
		{81AA519B-F655-43C0-9151-98E1C3CAB2B9}.Release|Any CPU.ActiveCfg = Release|Any CPU
		{81AA519B-F655-43C0-9151-98E1C3CAB2B9}.Release|Any CPU.Build.0 = Release|Any CPU
		{81AA519B-F655-43C0-9151-98E1C3CAB2B9}.Release|Any CPU.Deploy.0 = Release|Any CPU
		{81AA519B-F655-43C0-9151-98E1C3CAB2B9}.Release|iPhone.ActiveCfg = Release|Any CPU
		{81AA519B-F655-43C0-9151-98E1C3CAB2B9}.Release|iPhone.Build.0 = Release|Any CPU
		{81AA519B-F655-43C0-9151-98E1C3CAB2B9}.Release|iPhone.Deploy.0 = Release|Any CPU
		{81AA519B-F655-43C0-9151-98E1C3CAB2B9}.Release|iPhoneSimulator.ActiveCfg = Release|Any CPU
		{81AA519B-F655-43C0-9151-98E1C3CAB2B9}.Release|iPhoneSimulator.Build.0 = Release|Any CPU
		{81AA519B-F655-43C0-9151-98E1C3CAB2B9}.Release|iPhoneSimulator.Deploy.0 = Release|Any CPU
		{6A631067-F47D-4051-BA47-3C12349B7AC6}.Ad-Hoc|Any CPU.ActiveCfg = Ad-Hoc|iPhone
		{6A631067-F47D-4051-BA47-3C12349B7AC6}.Ad-Hoc|Any CPU.Build.0 = Ad-Hoc|iPhone
		{6A631067-F47D-4051-BA47-3C12349B7AC6}.Ad-Hoc|Any CPU.Deploy.0 = Ad-Hoc|iPhone
		{6A631067-F47D-4051-BA47-3C12349B7AC6}.Ad-Hoc|iPhone.ActiveCfg = Ad-Hoc|iPhone
		{6A631067-F47D-4051-BA47-3C12349B7AC6}.Ad-Hoc|iPhone.Build.0 = Ad-Hoc|iPhone
		{6A631067-F47D-4051-BA47-3C12349B7AC6}.Ad-Hoc|iPhone.Deploy.0 = Ad-Hoc|iPhone
		{6A631067-F47D-4051-BA47-3C12349B7AC6}.Ad-Hoc|iPhoneSimulator.ActiveCfg = Ad-Hoc|iPhoneSimulator
		{6A631067-F47D-4051-BA47-3C12349B7AC6}.Ad-Hoc|iPhoneSimulator.Build.0 = Ad-Hoc|iPhoneSimulator
		{6A631067-F47D-4051-BA47-3C12349B7AC6}.Ad-Hoc|iPhoneSimulator.Deploy.0 = Ad-Hoc|iPhoneSimulator
		{6A631067-F47D-4051-BA47-3C12349B7AC6}.AppStore|Any CPU.ActiveCfg = AppStore|iPhone
		{6A631067-F47D-4051-BA47-3C12349B7AC6}.AppStore|Any CPU.Build.0 = AppStore|iPhone
		{6A631067-F47D-4051-BA47-3C12349B7AC6}.AppStore|Any CPU.Deploy.0 = AppStore|iPhone
		{6A631067-F47D-4051-BA47-3C12349B7AC6}.AppStore|iPhone.ActiveCfg = AppStore|iPhone
		{6A631067-F47D-4051-BA47-3C12349B7AC6}.AppStore|iPhone.Build.0 = AppStore|iPhone
		{6A631067-F47D-4051-BA47-3C12349B7AC6}.AppStore|iPhone.Deploy.0 = AppStore|iPhone
		{6A631067-F47D-4051-BA47-3C12349B7AC6}.AppStore|iPhoneSimulator.ActiveCfg = AppStore|iPhoneSimulator
		{6A631067-F47D-4051-BA47-3C12349B7AC6}.AppStore|iPhoneSimulator.Build.0 = AppStore|iPhoneSimulator
		{6A631067-F47D-4051-BA47-3C12349B7AC6}.AppStore|iPhoneSimulator.Deploy.0 = AppStore|iPhoneSimulator
		{6A631067-F47D-4051-BA47-3C12349B7AC6}.Debug|Any CPU.ActiveCfg = Debug|iPhoneSimulator
		{6A631067-F47D-4051-BA47-3C12349B7AC6}.Debug|Any CPU.Build.0 = Debug|iPhoneSimulator
		{6A631067-F47D-4051-BA47-3C12349B7AC6}.Debug|Any CPU.Deploy.0 = Debug|iPhoneSimulator
		{6A631067-F47D-4051-BA47-3C12349B7AC6}.Debug|iPhone.ActiveCfg = Debug|iPhone
		{6A631067-F47D-4051-BA47-3C12349B7AC6}.Debug|iPhone.Build.0 = Debug|iPhone
		{6A631067-F47D-4051-BA47-3C12349B7AC6}.Debug|iPhone.Deploy.0 = Debug|iPhone
		{6A631067-F47D-4051-BA47-3C12349B7AC6}.Debug|iPhoneSimulator.ActiveCfg = Debug|iPhoneSimulator
		{6A631067-F47D-4051-BA47-3C12349B7AC6}.Debug|iPhoneSimulator.Build.0 = Debug|iPhoneSimulator
		{6A631067-F47D-4051-BA47-3C12349B7AC6}.Debug|iPhoneSimulator.Deploy.0 = Debug|iPhoneSimulator
		{6A631067-F47D-4051-BA47-3C12349B7AC6}.Release|Any CPU.ActiveCfg = Release|iPhone
		{6A631067-F47D-4051-BA47-3C12349B7AC6}.Release|Any CPU.Build.0 = Release|iPhone
		{6A631067-F47D-4051-BA47-3C12349B7AC6}.Release|Any CPU.Deploy.0 = Release|iPhone
		{6A631067-F47D-4051-BA47-3C12349B7AC6}.Release|iPhone.ActiveCfg = Release|iPhone
		{6A631067-F47D-4051-BA47-3C12349B7AC6}.Release|iPhone.Build.0 = Release|iPhone
		{6A631067-F47D-4051-BA47-3C12349B7AC6}.Release|iPhone.Deploy.0 = Release|iPhone
		{6A631067-F47D-4051-BA47-3C12349B7AC6}.Release|iPhoneSimulator.ActiveCfg = Release|iPhoneSimulator
		{6A631067-F47D-4051-BA47-3C12349B7AC6}.Release|iPhoneSimulator.Build.0 = Release|iPhoneSimulator
		{6A631067-F47D-4051-BA47-3C12349B7AC6}.Release|iPhoneSimulator.Deploy.0 = Release|iPhoneSimulator
		{E0680964-40AB-4CEC-BA1D-BE9A0AFCB40B}.Ad-Hoc|Any CPU.ActiveCfg = Debug|Any CPU
		{E0680964-40AB-4CEC-BA1D-BE9A0AFCB40B}.Ad-Hoc|Any CPU.Build.0 = Debug|Any CPU
		{E0680964-40AB-4CEC-BA1D-BE9A0AFCB40B}.Ad-Hoc|Any CPU.Deploy.0 = Debug|Any CPU
		{E0680964-40AB-4CEC-BA1D-BE9A0AFCB40B}.Ad-Hoc|iPhone.ActiveCfg = Debug|Any CPU
		{E0680964-40AB-4CEC-BA1D-BE9A0AFCB40B}.Ad-Hoc|iPhone.Build.0 = Debug|Any CPU
		{E0680964-40AB-4CEC-BA1D-BE9A0AFCB40B}.Ad-Hoc|iPhone.Deploy.0 = Debug|Any CPU
		{E0680964-40AB-4CEC-BA1D-BE9A0AFCB40B}.Ad-Hoc|iPhoneSimulator.ActiveCfg = Debug|Any CPU
		{E0680964-40AB-4CEC-BA1D-BE9A0AFCB40B}.Ad-Hoc|iPhoneSimulator.Build.0 = Debug|Any CPU
		{E0680964-40AB-4CEC-BA1D-BE9A0AFCB40B}.Ad-Hoc|iPhoneSimulator.Deploy.0 = Debug|Any CPU
		{E0680964-40AB-4CEC-BA1D-BE9A0AFCB40B}.AppStore|Any CPU.ActiveCfg = Debug|Any CPU
		{E0680964-40AB-4CEC-BA1D-BE9A0AFCB40B}.AppStore|Any CPU.Build.0 = Debug|Any CPU
		{E0680964-40AB-4CEC-BA1D-BE9A0AFCB40B}.AppStore|Any CPU.Deploy.0 = Debug|Any CPU
		{E0680964-40AB-4CEC-BA1D-BE9A0AFCB40B}.AppStore|iPhone.ActiveCfg = Debug|Any CPU
		{E0680964-40AB-4CEC-BA1D-BE9A0AFCB40B}.AppStore|iPhone.Build.0 = Debug|Any CPU
		{E0680964-40AB-4CEC-BA1D-BE9A0AFCB40B}.AppStore|iPhone.Deploy.0 = Debug|Any CPU
		{E0680964-40AB-4CEC-BA1D-BE9A0AFCB40B}.AppStore|iPhoneSimulator.ActiveCfg = Debug|Any CPU
		{E0680964-40AB-4CEC-BA1D-BE9A0AFCB40B}.AppStore|iPhoneSimulator.Build.0 = Debug|Any CPU
		{E0680964-40AB-4CEC-BA1D-BE9A0AFCB40B}.AppStore|iPhoneSimulator.Deploy.0 = Debug|Any CPU
		{E0680964-40AB-4CEC-BA1D-BE9A0AFCB40B}.Debug|Any CPU.ActiveCfg = Debug|Any CPU
		{E0680964-40AB-4CEC-BA1D-BE9A0AFCB40B}.Debug|Any CPU.Build.0 = Debug|Any CPU
		{E0680964-40AB-4CEC-BA1D-BE9A0AFCB40B}.Debug|Any CPU.Deploy.0 = Debug|Any CPU
		{E0680964-40AB-4CEC-BA1D-BE9A0AFCB40B}.Debug|iPhone.ActiveCfg = Debug|Any CPU
		{E0680964-40AB-4CEC-BA1D-BE9A0AFCB40B}.Debug|iPhone.Build.0 = Debug|Any CPU
		{E0680964-40AB-4CEC-BA1D-BE9A0AFCB40B}.Debug|iPhone.Deploy.0 = Debug|Any CPU
		{E0680964-40AB-4CEC-BA1D-BE9A0AFCB40B}.Debug|iPhoneSimulator.ActiveCfg = Debug|Any CPU
		{E0680964-40AB-4CEC-BA1D-BE9A0AFCB40B}.Debug|iPhoneSimulator.Build.0 = Debug|Any CPU
		{E0680964-40AB-4CEC-BA1D-BE9A0AFCB40B}.Debug|iPhoneSimulator.Deploy.0 = Debug|Any CPU
		{E0680964-40AB-4CEC-BA1D-BE9A0AFCB40B}.Release|Any CPU.ActiveCfg = Release|Any CPU
		{E0680964-40AB-4CEC-BA1D-BE9A0AFCB40B}.Release|Any CPU.Build.0 = Release|Any CPU
		{E0680964-40AB-4CEC-BA1D-BE9A0AFCB40B}.Release|Any CPU.Deploy.0 = Release|Any CPU
		{E0680964-40AB-4CEC-BA1D-BE9A0AFCB40B}.Release|iPhone.ActiveCfg = Release|Any CPU
		{E0680964-40AB-4CEC-BA1D-BE9A0AFCB40B}.Release|iPhone.Build.0 = Release|Any CPU
		{E0680964-40AB-4CEC-BA1D-BE9A0AFCB40B}.Release|iPhone.Deploy.0 = Release|Any CPU
		{E0680964-40AB-4CEC-BA1D-BE9A0AFCB40B}.Release|iPhoneSimulator.ActiveCfg = Release|Any CPU
		{E0680964-40AB-4CEC-BA1D-BE9A0AFCB40B}.Release|iPhoneSimulator.Build.0 = Release|Any CPU
		{E0680964-40AB-4CEC-BA1D-BE9A0AFCB40B}.Release|iPhoneSimulator.Deploy.0 = Release|Any CPU
	EndGlobalSection
	GlobalSection(SolutionProperties) = preSolution
		HideSolutionNode = FALSE
	EndGlobalSection
	GlobalSection(ExtensibilityGlobals) = postSolution
		SolutionGuid = {6906E3B3-9849-4207-894A-700816808D8F}
	EndGlobalSection
EndGlobal
